
Microsoft Visual Studio Solution File, Format Version 12.00
# Visual Studio Version 17
VisualStudioVersion = 17.0.31903.59
MinimumVisualStudioVersion = 10.0.40219.1
Project("{FAE04EC0-301F-11D3-BF4B-00C04F79EFBC}") = "API", "API\API.csproj", "{F6C8F06F-5AA9-4B18-8734-88AE8B2B939A}"
EndProject
Project("{FAE04EC0-301F-11D3-BF4B-00C04F79EFBC}") = "Core", "Core\Core.csproj", "{A48A054B-CDA1-4228-B6FB-AC7B07D680CD}"
EndProject
Project("{FAE04EC0-301F-11D3-BF4B-00C04F79EFBC}") = "Infrastructure", "Infrastructure\Infrastructure.csproj", "{438EC894-3CA3-4ECA-82AE-1A2DE5F68922}"
EndProject
Global
	GlobalSection(SolutionConfigurationPlatforms) = preSolution
		Debug|Any CPU = Debug|Any CPU
		Release|Any CPU = Release|Any CPU
	EndGlobalSection
	GlobalSection(SolutionProperties) = preSolution
		HideSolutionNode = FALSE
	EndGlobalSection
	GlobalSection(ProjectConfigurationPlatforms) = postSolution
		{F6C8F06F-5AA9-4B18-8734-88AE8B2B939A}.Debug|Any CPU.ActiveCfg = Debug|Any CPU
		{F6C8F06F-5AA9-4B18-8734-88AE8B2B939A}.Debug|Any CPU.Build.0 = Debug|Any CPU
		{F6C8F06F-5AA9-4B18-8734-88AE8B2B939A}.Release|Any CPU.ActiveCfg = Release|Any CPU
		{F6C8F06F-5AA9-4B18-8734-88AE8B2B939A}.Release|Any CPU.Build.0 = Release|Any CPU
		{A48A054B-CDA1-4228-B6FB-AC7B07D680CD}.Debug|Any CPU.ActiveCfg = Debug|Any CPU
		{A48A054B-CDA1-4228-B6FB-AC7B07D680CD}.Debug|Any CPU.Build.0 = Debug|Any CPU
		{A48A054B-CDA1-4228-B6FB-AC7B07D680CD}.Release|Any CPU.ActiveCfg = Release|Any CPU
		{A48A054B-CDA1-4228-B6FB-AC7B07D680CD}.Release|Any CPU.Build.0 = Release|Any CPU
		{438EC894-3CA3-4ECA-82AE-1A2DE5F68922}.Debug|Any CPU.ActiveCfg = Debug|Any CPU
		{438EC894-3CA3-4ECA-82AE-1A2DE5F68922}.Debug|Any CPU.Build.0 = Debug|Any CPU
		{438EC894-3CA3-4ECA-82AE-1A2DE5F68922}.Release|Any CPU.ActiveCfg = Release|Any CPU
		{438EC894-3CA3-4ECA-82AE-1A2DE5F68922}.Release|Any CPU.Build.0 = Release|Any CPU
	EndGlobalSection
EndGlobal
